
Microsoft Visual Studio Solution File, Format Version 12.00
# Visual Studio Version 17
VisualStudioVersion = 17.7.34024.191
MinimumVisualStudioVersion = 10.0.40219.1
Project("{FAE04EC0-301F-11D3-BF4B-00C04F79EFBC}") = "PR-15", "PR-15\PR-15.csproj", "{F6F7D4C9-7246-4FB6-95FB-253C11402AEC}"
EndProject
Global
	GlobalSection(SolutionConfigurationPlatforms) = preSolution
		Debug|Any CPU = Debug|Any CPU
		Release|Any CPU = Release|Any CPU
	EndGlobalSection
	GlobalSection(ProjectConfigurationPlatforms) = postSolution
		{F6F7D4C9-7246-4FB6-95FB-253C11402AEC}.Debug|Any CPU.ActiveCfg = Debug|Any CPU
		{F6F7D4C9-7246-4FB6-95FB-253C11402AEC}.Debug|Any CPU.Build.0 = Debug|Any CPU
		{F6F7D4C9-7246-4FB6-95FB-253C11402AEC}.Release|Any CPU.ActiveCfg = Release|Any CPU
		{F6F7D4C9-7246-4FB6-95FB-253C11402AEC}.Release|Any CPU.Build.0 = Release|Any CPU
	EndGlobalSection
	GlobalSection(SolutionProperties) = preSolution
		HideSolutionNode = FALSE
	EndGlobalSection
	GlobalSection(ExtensibilityGlobals) = postSolution
		SolutionGuid = {B2B0A52E-14D7-4846-ACB8-FEB33C630C27}
	EndGlobalSection
EndGlobal
